# This file is automatically @generated by Cargo.
# It is not intended for manual editing.
version = 3

[[package]]
name = "cudarc"
version = "0.10.0"
source = "registry+https://github.com/rust-lang/crates.io-index"
checksum = "9395df0cab995685664e79cc35ad6302bf08fb9c5d82301875a183affe1278b1"

[[package]]
name = "fluid-simulator"
version = "0.1.0"
dependencies = [
 "cudarc",
]
